
Microsoft Visual Studio Solution File, Format Version 12.00
# Visual Studio Version 17
VisualStudioVersion = 17.5.002.0
MinimumVisualStudioVersion = 10.0.40219.1
Project("{9A19103F-16F7-4668-BE54-9A1E7A4F7556}") = "excelupload", "excelupload.csproj", "{AF053533-A0C1-4440-8288-E00D459D8D00}"
EndProject
Global
	GlobalSection(SolutionConfigurationPlatforms) = preSolution
		Debug|Any CPU = Debug|Any CPU
		Release|Any CPU = Release|Any CPU
	EndGlobalSection
	GlobalSection(ProjectConfigurationPlatforms) = postSolution
		{AF053533-A0C1-4440-8288-E00D459D8D00}.Debug|Any CPU.ActiveCfg = Debug|Any CPU
		{AF053533-A0C1-4440-8288-E00D459D8D00}.Debug|Any CPU.Build.0 = Debug|Any CPU
		{AF053533-A0C1-4440-8288-E00D459D8D00}.Release|Any CPU.ActiveCfg = Release|Any CPU
		{AF053533-A0C1-4440-8288-E00D459D8D00}.Release|Any CPU.Build.0 = Release|Any CPU
	EndGlobalSection
	GlobalSection(SolutionProperties) = preSolution
		HideSolutionNode = FALSE
	EndGlobalSection
	GlobalSection(ExtensibilityGlobals) = postSolution
		SolutionGuid = {A0D31DCA-0C57-4B92-9A9E-19F492772999}
	EndGlobalSection
EndGlobal
